
Microsoft Visual Studio Solution File, Format Version 12.00
# Visual Studio Version 16
VisualStudioVersion = 16.0.28922.388
MinimumVisualStudioVersion = 10.0.40219.1
Project("{FAE04EC0-301F-11D3-BF4B-00C04F79EFBC}") = "Northwnd.Web", "Northwnd\Northwnd.Web.csproj", "{1E97654D-06B5-4F11-8706-4CF901E0F533}"
EndProject
Project("{FAE04EC0-301F-11D3-BF4B-00C04F79EFBC}") = "Northwnd.Tests", "Northwnd.Tests\Northwnd.Tests.csproj", "{30029813-F0B4-4B32-9BF2-70A6A1A7B22A}"
EndProject
Project("{FAE04EC0-301F-11D3-BF4B-00C04F79EFBC}") = "Northwnd.Models", "Northwnd.Models\Northwnd.Models.csproj", "{311B383F-541B-4421-821A-6D78D1C05277}"
EndProject
Project("{FAE04EC0-301F-11D3-BF4B-00C04F79EFBC}") = "Northwnd.Service", "Northwnd.Service\Northwnd.Service.csproj", "{CC26BCEB-0875-4DF2-A6C1-599957C6C7C3}"
EndProject
Global
	GlobalSection(SolutionConfigurationPlatforms) = preSolution
		Debug|Any CPU = Debug|Any CPU
		Release|Any CPU = Release|Any CPU
	EndGlobalSection
	GlobalSection(ProjectConfigurationPlatforms) = postSolution
		{1E97654D-06B5-4F11-8706-4CF901E0F533}.Debug|Any CPU.ActiveCfg = Debug|Any CPU
		{1E97654D-06B5-4F11-8706-4CF901E0F533}.Debug|Any CPU.Build.0 = Debug|Any CPU
		{1E97654D-06B5-4F11-8706-4CF901E0F533}.Release|Any CPU.ActiveCfg = Release|Any CPU
		{1E97654D-06B5-4F11-8706-4CF901E0F533}.Release|Any CPU.Build.0 = Release|Any CPU
		{30029813-F0B4-4B32-9BF2-70A6A1A7B22A}.Debug|Any CPU.ActiveCfg = Debug|Any CPU
		{30029813-F0B4-4B32-9BF2-70A6A1A7B22A}.Debug|Any CPU.Build.0 = Debug|Any CPU
		{30029813-F0B4-4B32-9BF2-70A6A1A7B22A}.Release|Any CPU.ActiveCfg = Release|Any CPU
		{30029813-F0B4-4B32-9BF2-70A6A1A7B22A}.Release|Any CPU.Build.0 = Release|Any CPU
		{311B383F-541B-4421-821A-6D78D1C05277}.Debug|Any CPU.ActiveCfg = Debug|Any CPU
		{311B383F-541B-4421-821A-6D78D1C05277}.Debug|Any CPU.Build.0 = Debug|Any CPU
		{311B383F-541B-4421-821A-6D78D1C05277}.Release|Any CPU.ActiveCfg = Release|Any CPU
		{311B383F-541B-4421-821A-6D78D1C05277}.Release|Any CPU.Build.0 = Release|Any CPU
		{CC26BCEB-0875-4DF2-A6C1-599957C6C7C3}.Debug|Any CPU.ActiveCfg = Debug|Any CPU
		{CC26BCEB-0875-4DF2-A6C1-599957C6C7C3}.Debug|Any CPU.Build.0 = Debug|Any CPU
		{CC26BCEB-0875-4DF2-A6C1-599957C6C7C3}.Release|Any CPU.ActiveCfg = Release|Any CPU
		{CC26BCEB-0875-4DF2-A6C1-599957C6C7C3}.Release|Any CPU.Build.0 = Release|Any CPU
	EndGlobalSection
	GlobalSection(SolutionProperties) = preSolution
		HideSolutionNode = FALSE
	EndGlobalSection
	GlobalSection(ExtensibilityGlobals) = postSolution
		SolutionGuid = {3BB4A1E3-BE90-4EF6-9FC1-88B1C3824440}
	EndGlobalSection
EndGlobal
